
Microsoft Visual Studio Solution File, Format Version 12.00
# Visual Studio Version 16
VisualStudioVersion = 16.0.32630.194
MinimumVisualStudioVersion = 10.0.40219.1
Project("{FAE04EC0-301F-11D3-BF4B-00C04F79EFBC}") = "TextRPG", "..\..\source\repos\TextRPG\TextRPG\TextRPG.csproj", "{1ACD24A9-CD11-496C-877F-EA6F2F50CB0D}"
EndProject
Global
	GlobalSection(SolutionConfigurationPlatforms) = preSolution
		Debug|Any CPU = Debug|Any CPU
		Release|Any CPU = Release|Any CPU
	EndGlobalSection
	GlobalSection(ProjectConfigurationPlatforms) = postSolution
		{1ACD24A9-CD11-496C-877F-EA6F2F50CB0D}.Debug|Any CPU.ActiveCfg = Debug|Any CPU
		{1ACD24A9-CD11-496C-877F-EA6F2F50CB0D}.Debug|Any CPU.Build.0 = Debug|Any CPU
		{1ACD24A9-CD11-496C-877F-EA6F2F50CB0D}.Release|Any CPU.ActiveCfg = Release|Any CPU
		{1ACD24A9-CD11-496C-877F-EA6F2F50CB0D}.Release|Any CPU.Build.0 = Release|Any CPU
	EndGlobalSection
	GlobalSection(SolutionProperties) = preSolution
		HideSolutionNode = FALSE
	EndGlobalSection
	GlobalSection(ExtensibilityGlobals) = postSolution
		SolutionGuid = {15DC24EF-5B45-4B0E-8581-7006E048646E}
	EndGlobalSection
EndGlobal
